# This file is automatically generated by Poetry 1.8.2 and should be committed.
[[package]]
name = "fastapi"
version = "0.110.0"
description = "FastAPI framework, high performance, easy to learn, fast to code, ready for production"
optional = false
python-versions = ">=3.8"
files = []

[[package]]
name = "pydantic"
version = "2.6.4"
description = "Data validation using Python type hints"
optional = false
python-versions = ">=3.8"
files = []

[[package]]
name = "pydantic-settings"
version = "2.2.1"
description = "Settings management using Pydantic, version 2"
optional = false
python-versions = ">=3.8"
files = []

[[package]]
name = "uvicorn"
version = "0.28.0"
description = "The lightning-fast ASGI server."
optional = false
python-versions = ">=3.8"
files = []

[[package]]
name = "sqlalchemy"
version = "2.0.28"
description = "Database Abstraction Library"
optional = false
python-versions = ">=3.7"
files = []

[[package]]
name = "httpx"
version = "0.27.0"
description = "The next generation HTTP client."
optional = false
python-versions = ">=3.8"
files = []

[[package]]
name = "pyjwt"
version = "2.8.0"
description = "JSON Web Token implementation in Python"
optional = false
python-versions = ">=3.8"
files = []

[[package]]
name = "pytest"
version = "8.1.1"
description = "pytest: simple powerful testing with Python"
optional = false
python-versions = ">=3.8"
files = []

[metadata]
lock-version = "2.0"
python-versions = ">=3.12"
content-hash = "d9817757973d4d42bfaef92823617b07db3d981881cb923b7e7ab437617b07db"
